// !$*UTF8*$!
{
	archiveVersion = 1;
	classes = {
	};
	objectVersion = 46;
	objects = {

/* Begin PBXBuildFile section */
		1BB120A37D60A82FE94CAC76 /* Array+Constraints.swift in Sources */ = {isa = PBXBuildFile; fileRef = 1BB128225FAF746836DE6706 /* Array+Constraints.swift */; };
		1BB120D51F2B33F4BFB83D34 /* GameHeaderView.swift in Sources */ = {isa = PBXBuildFile; fileRef = 1BB1223C25BE299382FDEFA2 /* GameHeaderView.swift */; };
		1BB12108DA0B7B9EC4A94EFD /* AddPlayersView.swift in Sources */ = {isa = PBXBuildFile; fileRef = 1BB12A21B0030D5BF0AB71A3 /* AddPlayersView.swift */; };
		1BB1214C3C164FA1DF858CD2 /* LocalScoreboardUITests.swift in Sources */ = {isa = PBXBuildFile; fileRef = 1BB12F1EE07EC37FCB0DFDC3 /* LocalScoreboardUITests.swift */; };
		1BB121563F5CC2668B9CAE62 /* AppCoordinator.swift in Sources */ = {isa = PBXBuildFile; fileRef = 1BB12469EFB87711AE5E8AE8 /* AppCoordinator.swift */; };
		1BB122BDFA2CDE9BF159CDF7 /* NewGameViewController.swift in Sources */ = {isa = PBXBuildFile; fileRef = 1BB1272C0418F6892326E5D3 /* NewGameViewController.swift */; };
		1BB124D83DC3089F4B834297 /* LocalScoreboardTests.swift in Sources */ = {isa = PBXBuildFile; fileRef = 1BB12915288E385531054EC3 /* LocalScoreboardTests.swift */; };
		1BB1254430D36E29E0C8B159 /* DescribedTextFieldView.swift in Sources */ = {isa = PBXBuildFile; fileRef = 1BB125C14E734F96E8A46E39 /* DescribedTextFieldView.swift */; };
		1BB125E6EB73980C64B63C60 /* ViewControllerFactory.swift in Sources */ = {isa = PBXBuildFile; fileRef = 1BB12BC7A88A36DF705771C6 /* ViewControllerFactory.swift */; };
		1BB126C5E9F6356535FF425E /* UIView+Fill.swift in Sources */ = {isa = PBXBuildFile; fileRef = 1BB12310E5C3581595166933 /* UIView+Fill.swift */; };
		1BB127BFBEF3B50A70F2EFA2 /* ViewConstans.swift in Sources */ = {isa = PBXBuildFile; fileRef = 1BB12E8704FF864EB553BD36 /* ViewConstans.swift */; };
		1BB127C99D765FE285D0489A /* LaunchScreen.storyboard in Resources */ = {isa = PBXBuildFile; fileRef = 1BB12475DA95427D0FD3F47A /* LaunchScreen.storyboard */; };
		1BB1294457B0CEE9DF5F4B5B /* UIStackView+Init.swift in Sources */ = {isa = PBXBuildFile; fileRef = 1BB12AD484306657A9B8BC0F /* UIStackView+Init.swift */; };
		1BB129B8A31B2F701AA58952 /* String+Localized.swift in Sources */ = {isa = PBXBuildFile; fileRef = 1BB12B61C930E09EE48BCB55 /* String+Localized.swift */; };
		1BB12C16C2BB1B6A11C81E2A /* AppDelegate.swift in Sources */ = {isa = PBXBuildFile; fileRef = 1BB128DF5DC3AD07F5BFBB1F /* AppDelegate.swift */; };
		1BB12DD331F76DBF39B58330 /* Assets.xcassets in Resources */ = {isa = PBXBuildFile; fileRef = 1BB12AFA59C4A060148680B1 /* Assets.xcassets */; };
		2B904EDD945640CD943D601C /* Pods_LocalScoreboard.framework in Frameworks */ = {isa = PBXBuildFile; fileRef = 68F24665F181AB7B147F8352 /* Pods_LocalScoreboard.framework */; };
		F211718225C425F400880DA4 /* Observable+Weak.swift in Sources */ = {isa = PBXBuildFile; fileRef = F211718125C425F400880DA4 /* Observable+Weak.swift */; };
		F211718725C4279A00880DA4 /* NewGameViewFactory.swift in Sources */ = {isa = PBXBuildFile; fileRef = F211718625C4279A00880DA4 /* NewGameViewFactory.swift */; };
		F211718C25C429B000880DA4 /* AddPlayersViewModel.swift in Sources */ = {isa = PBXBuildFile; fileRef = F211718B25C429B000880DA4 /* AddPlayersViewModel.swift */; };
		F211719125C429E000880DA4 /* AddPlayersViewModelInterface.swift in Sources */ = {isa = PBXBuildFile; fileRef = F211719025C429E000880DA4 /* AddPlayersViewModelInterface.swift */; };
		F21171A125C45FFC00880DA4 /* DescribedTextFieldViewModel.swift in Sources */ = {isa = PBXBuildFile; fileRef = F21171A025C45FFC00880DA4 /* DescribedTextFieldViewModel.swift */; };
		F21171A625C4618200880DA4 /* DescribedTextFileViewModelInterface.swift in Sources */ = {isa = PBXBuildFile; fileRef = F21171A525C4618200880DA4 /* DescribedTextFileViewModelInterface.swift */; };
		F248282825C40B43002239E3 /* NewPlayerView.swift in Sources */ = {isa = PBXBuildFile; fileRef = F248282725C40B43002239E3 /* NewPlayerView.swift */; };
		F248282D25C417C8002239E3 /* NewPlayerViewModel.swift in Sources */ = {isa = PBXBuildFile; fileRef = F248282C25C417C8002239E3 /* NewPlayerViewModel.swift */; };
		F248283225C4181A002239E3 /* NewPlayerViewModelInterface.swift in Sources */ = {isa = PBXBuildFile; fileRef = F248283125C4181A002239E3 /* NewPlayerViewModelInterface.swift */; };
		F248283725C4193A002239E3 /* EnumWithAssociatedValue.swift in Sources */ = {isa = PBXBuildFile; fileRef = F248283625C4193A002239E3 /* EnumWithAssociatedValue.swift */; };
		F248283C25C41A75002239E3 /* RxInputOutput.swift in Sources */ = {isa = PBXBuildFile; fileRef = F248283B25C41A75002239E3 /* RxInputOutput.swift */; };
		F248284125C42166002239E3 /* Observable+Filter.swift in Sources */ = {isa = PBXBuildFile; fileRef = F248284025C42166002239E3 /* Observable+Filter.swift */; };
		F25A91B725C157B6002B9C51 /* Localizable.strings in Resources */ = {isa = PBXBuildFile; fileRef = F25A91B925C157B6002B9C51 /* Localizable.strings */; };
		FAC02B691239E58FFC23751D /* Pods_LocalScoreboardTests.framework in Frameworks */ = {isa = PBXBuildFile; fileRef = 64C5C8F88D893ADF3F6B9953 /* Pods_LocalScoreboardTests.framework */; };
/* End PBXBuildFile section */

/* Begin PBXContainerItemProxy section */
		1BB12C4B2752C6C01A9DC128 /* PBXContainerItemProxy */ = {
			isa = PBXContainerItemProxy;
			containerPortal = 1BB128E4F790DB425EF177BB /* Project object */;
			proxyType = 1;
			remoteGlobalIDString = 1BB12F569B60006AF008A592;
			remoteInfo = LocalScoreboard;
		};
		1BB12E5C6C2260EC85B047B8 /* PBXContainerItemProxy */ = {
			isa = PBXContainerItemProxy;
			containerPortal = 1BB128E4F790DB425EF177BB /* Project object */;
			proxyType = 1;
			remoteGlobalIDString = 1BB12F569B60006AF008A592;
			remoteInfo = LocalScoreboard;
		};
/* End PBXContainerItemProxy section */

/* Begin PBXFileReference section */
		17AC5EDEC769CBD52A014A7B /* Pods-LocalScoreboardTests.release.xcconfig */ = {isa = PBXFileReference; includeInIndex = 1; lastKnownFileType = text.xcconfig; name = "Pods-LocalScoreboardTests.release.xcconfig"; path = "Target Support Files/Pods-LocalScoreboardTests/Pods-LocalScoreboardTests.release.xcconfig"; sourceTree = "<group>"; };
		1BB1218E66A0A4D93BBFDD92 /* Info.plist */ = {isa = PBXFileReference; lastKnownFileType = text.plist.info; path = Info.plist; sourceTree = "<group>"; };
		1BB1223C25BE299382FDEFA2 /* GameHeaderView.swift */ = {isa = PBXFileReference; fileEncoding = 4; lastKnownFileType = sourcecode.swift; path = GameHeaderView.swift; sourceTree = "<group>"; };
		1BB12310E5C3581595166933 /* UIView+Fill.swift */ = {isa = PBXFileReference; fileEncoding = 4; lastKnownFileType = sourcecode.swift; path = "UIView+Fill.swift"; sourceTree = "<group>"; };
		1BB12469EFB87711AE5E8AE8 /* AppCoordinator.swift */ = {isa = PBXFileReference; fileEncoding = 4; lastKnownFileType = sourcecode.swift; path = AppCoordinator.swift; sourceTree = "<group>"; };
		1BB12475DA95427D0FD3F47A /* LaunchScreen.storyboard */ = {isa = PBXFileReference; lastKnownFileType = file.storyboard; path = LaunchScreen.storyboard; sourceTree = "<group>"; };
		1BB125C14E734F96E8A46E39 /* DescribedTextFieldView.swift */ = {isa = PBXFileReference; fileEncoding = 4; lastKnownFileType = sourcecode.swift; path = DescribedTextFieldView.swift; sourceTree = "<group>"; };
		1BB1272C0418F6892326E5D3 /* NewGameViewController.swift */ = {isa = PBXFileReference; fileEncoding = 4; lastKnownFileType = sourcecode.swift; path = NewGameViewController.swift; sourceTree = "<group>"; };
		1BB128225FAF746836DE6706 /* Array+Constraints.swift */ = {isa = PBXFileReference; fileEncoding = 4; lastKnownFileType = sourcecode.swift; path = "Array+Constraints.swift"; sourceTree = "<group>"; };
		1BB128DF5DC3AD07F5BFBB1F /* AppDelegate.swift */ = {isa = PBXFileReference; lastKnownFileType = sourcecode.swift; path = AppDelegate.swift; sourceTree = "<group>"; };
		1BB12915288E385531054EC3 /* LocalScoreboardTests.swift */ = {isa = PBXFileReference; lastKnownFileType = sourcecode.swift; path = LocalScoreboardTests.swift; sourceTree = "<group>"; };
		1BB12A21B0030D5BF0AB71A3 /* AddPlayersView.swift */ = {isa = PBXFileReference; fileEncoding = 4; lastKnownFileType = sourcecode.swift; path = AddPlayersView.swift; sourceTree = "<group>"; };
		1BB12AD484306657A9B8BC0F /* UIStackView+Init.swift */ = {isa = PBXFileReference; fileEncoding = 4; lastKnownFileType = sourcecode.swift; path = "UIStackView+Init.swift"; sourceTree = "<group>"; };
		1BB12AFA59C4A060148680B1 /* Assets.xcassets */ = {isa = PBXFileReference; lastKnownFileType = folder.assetcatalog; path = Assets.xcassets; sourceTree = "<group>"; };
		1BB12B61C930E09EE48BCB55 /* String+Localized.swift */ = {isa = PBXFileReference; fileEncoding = 4; lastKnownFileType = sourcecode.swift; path = "String+Localized.swift"; sourceTree = "<group>"; };
		1BB12B8415829330650FA631 /* LocalScoreboardTests.xctest */ = {isa = PBXFileReference; explicitFileType = wrapper.cfbundle; includeInIndex = 0; path = LocalScoreboardTests.xctest; sourceTree = BUILT_PRODUCTS_DIR; };
		1BB12BC7A88A36DF705771C6 /* ViewControllerFactory.swift */ = {isa = PBXFileReference; fileEncoding = 4; lastKnownFileType = sourcecode.swift; path = ViewControllerFactory.swift; sourceTree = "<group>"; };
		1BB12D2F9A24E58C1001DC58 /* Info.plist */ = {isa = PBXFileReference; lastKnownFileType = text.plist.info; path = Info.plist; sourceTree = "<group>"; };
		1BB12D3AC9374DBC54E0E572 /* LocalScoreboardUITests.xctest */ = {isa = PBXFileReference; explicitFileType = wrapper.cfbundle; includeInIndex = 0; path = LocalScoreboardUITests.xctest; sourceTree = BUILT_PRODUCTS_DIR; };
		1BB12D5517AEE05B8531C394 /* Info.plist */ = {isa = PBXFileReference; lastKnownFileType = text.plist.info; path = Info.plist; sourceTree = "<group>"; };
		1BB12DB20EFAE21FABBE0931 /* LocalScoreboard.app */ = {isa = PBXFileReference; explicitFileType = wrapper.application; includeInIndex = 0; path = LocalScoreboard.app; sourceTree = BUILT_PRODUCTS_DIR; };
		1BB12E8704FF864EB553BD36 /* ViewConstans.swift */ = {isa = PBXFileReference; fileEncoding = 4; lastKnownFileType = sourcecode.swift; path = ViewConstans.swift; sourceTree = "<group>"; };
		1BB12F1EE07EC37FCB0DFDC3 /* LocalScoreboardUITests.swift */ = {isa = PBXFileReference; lastKnownFileType = sourcecode.swift; path = LocalScoreboardUITests.swift; sourceTree = "<group>"; };
		64C5C8F88D893ADF3F6B9953 /* Pods_LocalScoreboardTests.framework */ = {isa = PBXFileReference; explicitFileType = wrapper.framework; includeInIndex = 0; path = Pods_LocalScoreboardTests.framework; sourceTree = BUILT_PRODUCTS_DIR; };
		68F24665F181AB7B147F8352 /* Pods_LocalScoreboard.framework */ = {isa = PBXFileReference; explicitFileType = wrapper.framework; includeInIndex = 0; path = Pods_LocalScoreboard.framework; sourceTree = BUILT_PRODUCTS_DIR; };
		A3C995F0EBEDD478F2BB2B66 /* Pods-LocalScoreboardTests.debug.xcconfig */ = {isa = PBXFileReference; includeInIndex = 1; lastKnownFileType = text.xcconfig; name = "Pods-LocalScoreboardTests.debug.xcconfig"; path = "Target Support Files/Pods-LocalScoreboardTests/Pods-LocalScoreboardTests.debug.xcconfig"; sourceTree = "<group>"; };
		AFC5FE019A2E8032E5A1B81B /* Pods-LocalScoreboard.debug.xcconfig */ = {isa = PBXFileReference; includeInIndex = 1; lastKnownFileType = text.xcconfig; name = "Pods-LocalScoreboard.debug.xcconfig"; path = "Target Support Files/Pods-LocalScoreboard/Pods-LocalScoreboard.debug.xcconfig"; sourceTree = "<group>"; };
		BF8D5336A17A12548104D269 /* Pods-LocalScoreboard.release.xcconfig */ = {isa = PBXFileReference; includeInIndex = 1; lastKnownFileType = text.xcconfig; name = "Pods-LocalScoreboard.release.xcconfig"; path = "Target Support Files/Pods-LocalScoreboard/Pods-LocalScoreboard.release.xcconfig"; sourceTree = "<group>"; };
		F211718125C425F400880DA4 /* Observable+Weak.swift */ = {isa = PBXFileReference; lastKnownFileType = sourcecode.swift; path = "Observable+Weak.swift"; sourceTree = "<group>"; };
		F211718625C4279A00880DA4 /* NewGameViewFactory.swift */ = {isa = PBXFileReference; lastKnownFileType = sourcecode.swift; path = NewGameViewFactory.swift; sourceTree = "<group>"; };
		F211718B25C429B000880DA4 /* AddPlayersViewModel.swift */ = {isa = PBXFileReference; lastKnownFileType = sourcecode.swift; path = AddPlayersViewModel.swift; sourceTree = "<group>"; };
		F211719025C429E000880DA4 /* AddPlayersViewModelInterface.swift */ = {isa = PBXFileReference; lastKnownFileType = sourcecode.swift; path = AddPlayersViewModelInterface.swift; sourceTree = "<group>"; };
		F21171A025C45FFC00880DA4 /* DescribedTextFieldViewModel.swift */ = {isa = PBXFileReference; lastKnownFileType = sourcecode.swift; path = DescribedTextFieldViewModel.swift; sourceTree = "<group>"; };
		F21171A525C4618200880DA4 /* DescribedTextFileViewModelInterface.swift */ = {isa = PBXFileReference; lastKnownFileType = sourcecode.swift; path = DescribedTextFileViewModelInterface.swift; sourceTree = "<group>"; };
		F248282725C40B43002239E3 /* NewPlayerView.swift */ = {isa = PBXFileReference; lastKnownFileType = sourcecode.swift; path = NewPlayerView.swift; sourceTree = "<group>"; };
		F248282C25C417C8002239E3 /* NewPlayerViewModel.swift */ = {isa = PBXFileReference; lastKnownFileType = sourcecode.swift; path = NewPlayerViewModel.swift; sourceTree = "<group>"; };
		F248283125C4181A002239E3 /* NewPlayerViewModelInterface.swift */ = {isa = PBXFileReference; lastKnownFileType = sourcecode.swift; path = NewPlayerViewModelInterface.swift; sourceTree = "<group>"; };
		F248283625C4193A002239E3 /* EnumWithAssociatedValue.swift */ = {isa = PBXFileReference; lastKnownFileType = sourcecode.swift; path = EnumWithAssociatedValue.swift; sourceTree = "<group>"; };
		F248283B25C41A75002239E3 /* RxInputOutput.swift */ = {isa = PBXFileReference; lastKnownFileType = sourcecode.swift; path = RxInputOutput.swift; sourceTree = "<group>"; };
		F248284025C42166002239E3 /* Observable+Filter.swift */ = {isa = PBXFileReference; lastKnownFileType = sourcecode.swift; path = "Observable+Filter.swift"; sourceTree = "<group>"; };
		F25A91B825C157B6002B9C51 /* en */ = {isa = PBXFileReference; lastKnownFileType = text.plist.strings; name = en; path = en.lproj/Localizable.strings; sourceTree = "<group>"; };
/* End PBXFileReference section */

/* Begin PBXFrameworksBuildPhase section */
		1BB1269170AB111929B9D444 /* Frameworks */ = {
			isa = PBXFrameworksBuildPhase;
			buildActionMask = 2147483647;
			files = (
				FAC02B691239E58FFC23751D /* Pods_LocalScoreboardTests.framework in Frameworks */,
			);
			runOnlyForDeploymentPostprocessing = 0;
		};
		1BB12BCBC936A90C6C4A92CF /* Frameworks */ = {
			isa = PBXFrameworksBuildPhase;
			buildActionMask = 2147483647;
			files = (
				2B904EDD945640CD943D601C /* Pods_LocalScoreboard.framework in Frameworks */,
			);
			runOnlyForDeploymentPostprocessing = 0;
		};
		1BB12CE8610AB27FB164DC87 /* Frameworks */ = {
			isa = PBXFrameworksBuildPhase;
			buildActionMask = 2147483647;
			files = (
			);
			runOnlyForDeploymentPostprocessing = 0;
		};
/* End PBXFrameworksBuildPhase section */

/* Begin PBXGroup section */
		1BB1202A87FF1355014DE52E /* LocalScoreboardTests */ = {
			isa = PBXGroup;
			children = (
				1BB12D2F9A24E58C1001DC58 /* Info.plist */,
				1BB12915288E385531054EC3 /* LocalScoreboardTests.swift */,
			);
			path = LocalScoreboardTests;
			sourceTree = "<group>";
		};
		1BB1205CAC59D159C678C3D1 /* Common */ = {
			isa = PBXGroup;
			children = (
				F277525F25C596F10099E995 /* DescribedTextField */,
				1BB1223C25BE299382FDEFA2 /* GameHeaderView.swift */,
				1BB12E8704FF864EB553BD36 /* ViewConstans.swift */,
			);
			path = Common;
			sourceTree = "<group>";
		};
		1BB120A698AE500863E45998 /* Extensions */ = {
			isa = PBXGroup;
			children = (
				F248284825C42176002239E3 /* Rx */,
				1BB12B61C930E09EE48BCB55 /* String+Localized.swift */,
				1BB128225FAF746836DE6706 /* Array+Constraints.swift */,
				1BB12310E5C3581595166933 /* UIView+Fill.swift */,
				1BB12AD484306657A9B8BC0F /* UIStackView+Init.swift */,
			);
			path = Extensions;
			sourceTree = "<group>";
		};
		1BB121833C2A01F384BF385B = {
			isa = PBXGroup;
			children = (
				1BB125829E0C297C3D441D47 /* Products */,
				1BB12FB1BF8498D386C7ADDE /* LocalScoreboard */,
				1BB1202A87FF1355014DE52E /* LocalScoreboardTests */,
				1BB12D5B250A320804F37007 /* LocalScoreboardUITests */,
				CA981B03F31EC25B674D89B0 /* Pods */,
				3BAB52D9E00903730D504731 /* Frameworks */,
			);
			sourceTree = "<group>";
		};
		1BB124931FA4576F1A2E7C93 /* Resources */ = {
			isa = PBXGroup;
			children = (
				1BB12475DA95427D0FD3F47A /* LaunchScreen.storyboard */,
				1BB12AFA59C4A060148680B1 /* Assets.xcassets */,
				F25A91B925C157B6002B9C51 /* Localizable.strings */,
			);
			path = Resources;
			sourceTree = "<group>";
		};
		1BB124F0C31E2F455C3F42E4 /* Dices */ = {
			isa = PBXGroup;
			children = (
				F277525E25C596D80099E995 /* AddPlayers */,
				F277525D25C596C20099E995 /* NewPlayer */,
				1BB1272C0418F6892326E5D3 /* NewGameViewController.swift */,
				F211718625C4279A00880DA4 /* NewGameViewFactory.swift */,
			);
			path = Dices;
			sourceTree = "<group>";
		};
		1BB125829E0C297C3D441D47 /* Products */ = {
			isa = PBXGroup;
			children = (
				1BB12DB20EFAE21FABBE0931 /* LocalScoreboard.app */,
				1BB12B8415829330650FA631 /* LocalScoreboardTests.xctest */,
				1BB12D3AC9374DBC54E0E572 /* LocalScoreboardUITests.xctest */,
			);
			name = Products;
			sourceTree = "<group>";
		};
		1BB12D5B250A320804F37007 /* LocalScoreboardUITests */ = {
			isa = PBXGroup;
			children = (
				1BB12D5517AEE05B8531C394 /* Info.plist */,
				1BB12F1EE07EC37FCB0DFDC3 /* LocalScoreboardUITests.swift */,
			);
			path = LocalScoreboardUITests;
			sourceTree = "<group>";
		};
		1BB12FB1BF8498D386C7ADDE /* LocalScoreboard */ = {
			isa = PBXGroup;
			children = (
				1BB1218E66A0A4D93BBFDD92 /* Info.plist */,
				1BB128DF5DC3AD07F5BFBB1F /* AppDelegate.swift */,
				1BB12469EFB87711AE5E8AE8 /* AppCoordinator.swift */,
				1BB12BC7A88A36DF705771C6 /* ViewControllerFactory.swift */,
				1BB124931FA4576F1A2E7C93 /* Resources */,
				1BB120A698AE500863E45998 /* Extensions */,
				1BB124F0C31E2F455C3F42E4 /* Dices */,
				1BB1205CAC59D159C678C3D1 /* Common */,
			);
			path = LocalScoreboard;
			sourceTree = "<group>";
		};
		3BAB52D9E00903730D504731 /* Frameworks */ = {
			isa = PBXGroup;
			children = (
				68F24665F181AB7B147F8352 /* Pods_LocalScoreboard.framework */,
				64C5C8F88D893ADF3F6B9953 /* Pods_LocalScoreboardTests.framework */,
			);
			name = Frameworks;
			sourceTree = "<group>";
		};
		CA981B03F31EC25B674D89B0 /* Pods */ = {
			isa = PBXGroup;
			children = (
				AFC5FE019A2E8032E5A1B81B /* Pods-LocalScoreboard.debug.xcconfig */,
				BF8D5336A17A12548104D269 /* Pods-LocalScoreboard.release.xcconfig */,
				A3C995F0EBEDD478F2BB2B66 /* Pods-LocalScoreboardTests.debug.xcconfig */,
				17AC5EDEC769CBD52A014A7B /* Pods-LocalScoreboardTests.release.xcconfig */,
			);
			path = Pods;
			sourceTree = "<group>";
		};
		F248284825C42176002239E3 /* Rx */ = {
			isa = PBXGroup;
			children = (
				F248284025C42166002239E3 /* Observable+Filter.swift */,
				F248283625C4193A002239E3 /* EnumWithAssociatedValue.swift */,
				F248283B25C41A75002239E3 /* RxInputOutput.swift */,
				F211718125C425F400880DA4 /* Observable+Weak.swift */,
			);
			path = Rx;
			sourceTree = "<group>";
		};
		F277525D25C596C20099E995 /* NewPlayer */ = {
			isa = PBXGroup;
			children = (
				F248282725C40B43002239E3 /* NewPlayerView.swift */,
				F248282C25C417C8002239E3 /* NewPlayerViewModel.swift */,
				F248283125C4181A002239E3 /* NewPlayerViewModelInterface.swift */,
			);
			path = NewPlayer;
			sourceTree = "<group>";
		};
		F277525E25C596D80099E995 /* AddPlayers */ = {
			isa = PBXGroup;
			children = (
				1BB12A21B0030D5BF0AB71A3 /* AddPlayersView.swift */,
				F211719025C429E000880DA4 /* AddPlayersViewModelInterface.swift */,
				F211718B25C429B000880DA4 /* AddPlayersViewModel.swift */,
			);
			path = AddPlayers;
			sourceTree = "<group>";
		};
		F277525F25C596F10099E995 /* DescribedTextField */ = {
			isa = PBXGroup;
			children = (
				F21171A525C4618200880DA4 /* DescribedTextFileViewModelInterface.swift */,
				F21171A025C45FFC00880DA4 /* DescribedTextFieldViewModel.swift */,
				1BB125C14E734F96E8A46E39 /* DescribedTextFieldView.swift */,
			);
			path = DescribedTextField;
			sourceTree = "<group>";
		};
/* End PBXGroup section */

/* Begin PBXNativeTarget section */
		1BB12AE32D453615CF07172A /* LocalScoreboardUITests */ = {
			isa = PBXNativeTarget;
			buildConfigurationList = 1BB122BF0B7F0C15726B9842 /* Build configuration list for PBXNativeTarget "LocalScoreboardUITests" */;
			buildPhases = (
				1BB12F866825148A6AB67513 /* Sources */,
				1BB12CE8610AB27FB164DC87 /* Frameworks */,
				1BB1296BD4FD328D3D79E0F8 /* Resources */,
			);
			buildRules = (
			);
			dependencies = (
				1BB1289730593C79234C33D2 /* PBXTargetDependency */,
			);
			name = LocalScoreboardUITests;
			productName = LocalScoreboardUITests;
			productReference = 1BB12D3AC9374DBC54E0E572 /* LocalScoreboardUITests.xctest */;
			productType = "com.apple.product-type.bundle.ui-testing";
		};
		1BB12CE07FC3A671139CE8D2 /* LocalScoreboardTests */ = {
			isa = PBXNativeTarget;
			buildConfigurationList = 1BB12C3954E6495786FD045E /* Build configuration list for PBXNativeTarget "LocalScoreboardTests" */;
			buildPhases = (
				581E2E1E43E2DFB22C6C9803 /* [CP] Check Pods Manifest.lock */,
				1BB1229B522476A6558861FC /* Sources */,
				1BB1269170AB111929B9D444 /* Frameworks */,
				1BB124B81A2C291DE37B61AF /* Resources */,
				95D9987F48F0C4E54D975B55 /* [CP] Embed Pods Frameworks */,
			);
			buildRules = (
			);
			dependencies = (
				1BB125C02588A72AF5576C88 /* PBXTargetDependency */,
			);
			name = LocalScoreboardTests;
			productName = LocalScoreboardTests;
			productReference = 1BB12B8415829330650FA631 /* LocalScoreboardTests.xctest */;
			productType = "com.apple.product-type.bundle.unit-test";
		};
		1BB12F569B60006AF008A592 /* LocalScoreboard */ = {
			isa = PBXNativeTarget;
			buildConfigurationList = 1BB12AD8D2CC090A0F237BAA /* Build configuration list for PBXNativeTarget "LocalScoreboard" */;
			buildPhases = (
				61DB62994C801570F4F2B52E /* [CP] Check Pods Manifest.lock */,
				1BB1275CA8471A2BB72D1D0C /* Sources */,
				1BB12BCBC936A90C6C4A92CF /* Frameworks */,
				1BB12594515583B73449955F /* Resources */,
				9601F204564FDA19E6EC1C27 /* [CP] Embed Pods Frameworks */,
			);
			buildRules = (
			);
			dependencies = (
			);
			name = LocalScoreboard;
			productName = LocalScoreboard;
			productReference = 1BB12DB20EFAE21FABBE0931 /* LocalScoreboard.app */;
			productType = "com.apple.product-type.application";
		};
/* End PBXNativeTarget section */

/* Begin PBXProject section */
		1BB128E4F790DB425EF177BB /* Project object */ = {
			isa = PBXProject;
			attributes = {
				LastUpgradeCheck = 1240;
				ORGANIZATIONNAME = "works on my machine ~Szutowicz Krystian";
				TargetAttributes = {
					1BB12F569B60006AF008A592 = {
						DevelopmentTeam = A3P9PF353G;
					};
				};
			};
			buildConfigurationList = 1BB124FF4A136E3C841AB259 /* Build configuration list for PBXProject "LocalScoreboard" */;
			compatibilityVersion = "Xcode 3.2";
			developmentRegion = en;
			hasScannedForEncodings = 0;
			knownRegions = (
				en,
				pl,
				Base,
			);
			mainGroup = 1BB121833C2A01F384BF385B;
			productRefGroup = 1BB125829E0C297C3D441D47 /* Products */;
			projectDirPath = "";
			projectRoot = "";
			targets = (
				1BB12F569B60006AF008A592 /* LocalScoreboard */,
				1BB12CE07FC3A671139CE8D2 /* LocalScoreboardTests */,
				1BB12AE32D453615CF07172A /* LocalScoreboardUITests */,
			);
		};
/* End PBXProject section */

/* Begin PBXResourcesBuildPhase section */
		1BB124B81A2C291DE37B61AF /* Resources */ = {
			isa = PBXResourcesBuildPhase;
			buildActionMask = 2147483647;
			files = (
			);
			runOnlyForDeploymentPostprocessing = 0;
		};
		1BB12594515583B73449955F /* Resources */ = {
			isa = PBXResourcesBuildPhase;
			buildActionMask = 2147483647;
			files = (
				1BB127C99D765FE285D0489A /* LaunchScreen.storyboard in Resources */,
				1BB12DD331F76DBF39B58330 /* Assets.xcassets in Resources */,
				F25A91B725C157B6002B9C51 /* Localizable.strings in Resources */,
			);
			runOnlyForDeploymentPostprocessing = 0;
		};
		1BB1296BD4FD328D3D79E0F8 /* Resources */ = {
			isa = PBXResourcesBuildPhase;
			buildActionMask = 2147483647;
			files = (
			);
			runOnlyForDeploymentPostprocessing = 0;
		};
/* End PBXResourcesBuildPhase section */

/* Begin PBXShellScriptBuildPhase section */
		581E2E1E43E2DFB22C6C9803 /* [CP] Check Pods Manifest.lock */ = {
			isa = PBXShellScriptBuildPhase;
			buildActionMask = 2147483647;
			files = (
			);
			inputFileListPaths = (
			);
			inputPaths = (
				"${PODS_PODFILE_DIR_PATH}/Podfile.lock",
				"${PODS_ROOT}/Manifest.lock",
			);
			name = "[CP] Check Pods Manifest.lock";
			outputFileListPaths = (
			);
			outputPaths = (
				"$(DERIVED_FILE_DIR)/Pods-LocalScoreboardTests-checkManifestLockResult.txt",
			);
			runOnlyForDeploymentPostprocessing = 0;
			shellPath = /bin/sh;
			shellScript = "diff \"${PODS_PODFILE_DIR_PATH}/Podfile.lock\" \"${PODS_ROOT}/Manifest.lock\" > /dev/null\nif [ $? != 0 ] ; then\n    # print error to STDERR\n    echo \"error: The sandbox is not in sync with the Podfile.lock. Run 'pod install' or update your CocoaPods installation.\" >&2\n    exit 1\nfi\n# This output is used by Xcode 'outputs' to avoid re-running this script phase.\necho \"SUCCESS\" > \"${SCRIPT_OUTPUT_FILE_0}\"\n";
			showEnvVarsInLog = 0;
		};
		61DB62994C801570F4F2B52E /* [CP] Check Pods Manifest.lock */ = {
			isa = PBXShellScriptBuildPhase;
			buildActionMask = 2147483647;
			files = (
			);
			inputFileListPaths = (
			);
			inputPaths = (
				"${PODS_PODFILE_DIR_PATH}/Podfile.lock",
				"${PODS_ROOT}/Manifest.lock",
			);
			name = "[CP] Check Pods Manifest.lock";
			outputFileListPaths = (
			);
			outputPaths = (
				"$(DERIVED_FILE_DIR)/Pods-LocalScoreboard-checkManifestLockResult.txt",
			);
			runOnlyForDeploymentPostprocessing = 0;
			shellPath = /bin/sh;
			shellScript = "diff \"${PODS_PODFILE_DIR_PATH}/Podfile.lock\" \"${PODS_ROOT}/Manifest.lock\" > /dev/null\nif [ $? != 0 ] ; then\n    # print error to STDERR\n    echo \"error: The sandbox is not in sync with the Podfile.lock. Run 'pod install' or update your CocoaPods installation.\" >&2\n    exit 1\nfi\n# This output is used by Xcode 'outputs' to avoid re-running this script phase.\necho \"SUCCESS\" > \"${SCRIPT_OUTPUT_FILE_0}\"\n";
			showEnvVarsInLog = 0;
		};
		95D9987F48F0C4E54D975B55 /* [CP] Embed Pods Frameworks */ = {
			isa = PBXShellScriptBuildPhase;
			buildActionMask = 2147483647;
			files = (
			);
			inputPaths = (
				"${PODS_ROOT}/Target Support Files/Pods-LocalScoreboardTests/Pods-LocalScoreboardTests-frameworks.sh",
				"${BUILT_PRODUCTS_DIR}/RxSwift/RxSwift.framework",
				"${BUILT_PRODUCTS_DIR}/RxTest/RxTest.framework",
			);
			name = "[CP] Embed Pods Frameworks";
			outputPaths = (
				"${TARGET_BUILD_DIR}/${FRAMEWORKS_FOLDER_PATH}/RxSwift.framework",
				"${TARGET_BUILD_DIR}/${FRAMEWORKS_FOLDER_PATH}/RxTest.framework",
			);
			runOnlyForDeploymentPostprocessing = 0;
			shellPath = /bin/sh;
			shellScript = "\"${PODS_ROOT}/Target Support Files/Pods-LocalScoreboardTests/Pods-LocalScoreboardTests-frameworks.sh\"\n";
			showEnvVarsInLog = 0;
		};
		9601F204564FDA19E6EC1C27 /* [CP] Embed Pods Frameworks */ = {
			isa = PBXShellScriptBuildPhase;
			buildActionMask = 2147483647;
			files = (
			);
			inputPaths = (
				"${PODS_ROOT}/Target Support Files/Pods-LocalScoreboard/Pods-LocalScoreboard-frameworks.sh",
				"${BUILT_PRODUCTS_DIR}/RxCocoa/RxCocoa.framework",
				"${BUILT_PRODUCTS_DIR}/RxRelay/RxRelay.framework",
				"${BUILT_PRODUCTS_DIR}/RxSwift/RxSwift.framework",
			);
			name = "[CP] Embed Pods Frameworks";
			outputPaths = (
				"${TARGET_BUILD_DIR}/${FRAMEWORKS_FOLDER_PATH}/RxCocoa.framework",
				"${TARGET_BUILD_DIR}/${FRAMEWORKS_FOLDER_PATH}/RxRelay.framework",
				"${TARGET_BUILD_DIR}/${FRAMEWORKS_FOLDER_PATH}/RxSwift.framework",
			);
			runOnlyForDeploymentPostprocessing = 0;
			shellPath = /bin/sh;
			shellScript = "\"${PODS_ROOT}/Target Support Files/Pods-LocalScoreboard/Pods-LocalScoreboard-frameworks.sh\"\n";
			showEnvVarsInLog = 0;
		};
/* End PBXShellScriptBuildPhase section */

/* Begin PBXSourcesBuildPhase section */
		1BB1229B522476A6558861FC /* Sources */ = {
			isa = PBXSourcesBuildPhase;
			buildActionMask = 2147483647;
			files = (
				1BB124D83DC3089F4B834297 /* LocalScoreboardTests.swift in Sources */,
			);
			runOnlyForDeploymentPostprocessing = 0;
		};
		1BB1275CA8471A2BB72D1D0C /* Sources */ = {
			isa = PBXSourcesBuildPhase;
			buildActionMask = 2147483647;
			files = (
				1BB12C16C2BB1B6A11C81E2A /* AppDelegate.swift in Sources */,
				1BB121563F5CC2668B9CAE62 /* AppCoordinator.swift in Sources */,
				F248283C25C41A75002239E3 /* RxInputOutput.swift in Sources */,
				F248282D25C417C8002239E3 /* NewPlayerViewModel.swift in Sources */,
				F248282825C40B43002239E3 /* NewPlayerView.swift in Sources */,
				1BB125E6EB73980C64B63C60 /* ViewControllerFactory.swift in Sources */,
				1BB129B8A31B2F701AA58952 /* String+Localized.swift in Sources */,
				F211719125C429E000880DA4 /* AddPlayersViewModelInterface.swift in Sources */,
				F211718725C4279A00880DA4 /* NewGameViewFactory.swift in Sources */,
				F248284125C42166002239E3 /* Observable+Filter.swift in Sources */,
				F248283725C4193A002239E3 /* EnumWithAssociatedValue.swift in Sources */,
				F21171A125C45FFC00880DA4 /* DescribedTextFieldViewModel.swift in Sources */,
				1BB122BDFA2CDE9BF159CDF7 /* NewGameViewController.swift in Sources */,
				F211718225C425F400880DA4 /* Observable+Weak.swift in Sources */,
				1BB1254430D36E29E0C8B159 /* DescribedTextFieldView.swift in Sources */,
				1BB120A37D60A82FE94CAC76 /* Array+Constraints.swift in Sources */,
				1BB126C5E9F6356535FF425E /* UIView+Fill.swift in Sources */,
				1BB120D51F2B33F4BFB83D34 /* GameHeaderView.swift in Sources */,
				1BB12108DA0B7B9EC4A94EFD /* AddPlayersView.swift in Sources */,
				F21171A625C4618200880DA4 /* DescribedTextFileViewModelInterface.swift in Sources */,
				F211718C25C429B000880DA4 /* AddPlayersViewModel.swift in Sources */,
				1BB1294457B0CEE9DF5F4B5B /* UIStackView+Init.swift in Sources */,
				1BB127BFBEF3B50A70F2EFA2 /* ViewConstans.swift in Sources */,
				F248283225C4181A002239E3 /* NewPlayerViewModelInterface.swift in Sources */,
			);
			runOnlyForDeploymentPostprocessing = 0;
		};
		1BB12F866825148A6AB67513 /* Sources */ = {
			isa = PBXSourcesBuildPhase;
			buildActionMask = 2147483647;
			files = (
				1BB1214C3C164FA1DF858CD2 /* LocalScoreboardUITests.swift in Sources */,
			);
			runOnlyForDeploymentPostprocessing = 0;
		};
/* End PBXSourcesBuildPhase section */

/* Begin PBXTargetDependency section */
		1BB125C02588A72AF5576C88 /* PBXTargetDependency */ = {
			isa = PBXTargetDependency;
			target = 1BB12F569B60006AF008A592 /* LocalScoreboard */;
			targetProxy = 1BB12E5C6C2260EC85B047B8 /* PBXContainerItemProxy */;
		};
		1BB1289730593C79234C33D2 /* PBXTargetDependency */ = {
			isa = PBXTargetDependency;
			target = 1BB12F569B60006AF008A592 /* LocalScoreboard */;
			targetProxy = 1BB12C4B2752C6C01A9DC128 /* PBXContainerItemProxy */;
		};
/* End PBXTargetDependency section */

/* Begin PBXVariantGroup section */
		F25A91B925C157B6002B9C51 /* Localizable.strings */ = {
			isa = PBXVariantGroup;
			children = (
				F25A91B825C157B6002B9C51 /* en */,
			);
			name = Localizable.strings;
			sourceTree = "<group>";
		};
/* End PBXVariantGroup section */

/* Begin XCBuildConfiguration section */
		1BB1202F6F6865F59F94A616 /* Debug */ = {
			isa = XCBuildConfiguration;
			baseConfigurationReference = A3C995F0EBEDD478F2BB2B66 /* Pods-LocalScoreboardTests.debug.xcconfig */;
			buildSettings = {
				BUNDLE_LOADER = "$(BUILT_PRODUCTS_DIR)/LocalScoreboard.app/LocalScoreboard";
				INFOPLIST_FILE = LocalScoreboardTests/Info.plist;
				LD_RUNPATH_SEARCH_PATHS = "$(inherited) @executable_path/Frameworks @loader_path/Frameworks";
				PRODUCT_BUNDLE_IDENTIFIER = worksonmymachine.LocalScoreboardTests;
				PRODUCT_NAME = "$(TARGET_NAME)";
				SWIFT_VERSION = 5.0;
				TARGETED_DEVICE_FAMILY = "1,2";
				TEST_HOST = "$(BUNDLE_LOADER)";
			};
			name = Debug;
		};
		1BB120CB578C762200DD9AE2 /* Debug */ = {
			isa = XCBuildConfiguration;
			buildSettings = {
				ALWAYS_SEARCH_USER_PATHS = NO;
				CLANG_ANALYZER_LOCALIZABILITY_NONLOCALIZED = YES;
				CLANG_ANALYZER_NONNULL = YES;
				CLANG_ANALYZER_NUMBER_OBJECT_CONVERSION = YES_AGGRESSIVE;
				CLANG_CXX_LANGUAGE_STANDARD = "gnu++14";
				CLANG_CXX_LIBRARY = "libc++";
				CLANG_ENABLE_MODULES = YES;
				CLANG_ENABLE_OBJC_ARC = YES;
				CLANG_ENABLE_OBJC_WEAK = YES;
				CLANG_WARN_BLOCK_CAPTURE_AUTORELEASING = YES;
				CLANG_WARN_BOOL_CONVERSION = YES;
				CLANG_WARN_COMMA = YES;
				CLANG_WARN_CONSTANT_CONVERSION = YES;
				CLANG_WARN_DEPRECATED_OBJC_IMPLEMENTATIONS = YES;
				CLANG_WARN_DIRECT_OBJC_ISA_USAGE = YES_ERROR;
				CLANG_WARN_DOCUMENTATION_COMMENTS = YES;
				CLANG_WARN_EMPTY_BODY = YES;
				CLANG_WARN_ENUM_CONVERSION = YES;
				CLANG_WARN_INFINITE_RECURSION = YES;
				CLANG_WARN_INT_CONVERSION = YES;
				CLANG_WARN_NON_LITERAL_NULL_CONVERSION = YES;
				CLANG_WARN_OBJC_IMPLICIT_RETAIN_SELF = YES;
				CLANG_WARN_OBJC_LITERAL_CONVERSION = YES;
				CLANG_WARN_OBJC_ROOT_CLASS = YES_ERROR;
				CLANG_WARN_QUOTED_INCLUDE_IN_FRAMEWORK_HEADER = YES;
				CLANG_WARN_RANGE_LOOP_ANALYSIS = YES;
				CLANG_WARN_STRICT_PROTOTYPES = YES;
				CLANG_WARN_SUSPICIOUS_MOVE = YES;
				CLANG_WARN_UNGUARDED_AVAILABILITY = YES_AGGRESSIVE;
				CLANG_WARN_UNREACHABLE_CODE = YES;
				CLANG_WARN__DUPLICATE_METHOD_MATCH = YES;
				COPY_PHASE_STRIP = NO;
				DEBUG_INFORMATION_FORMAT = dwarf;
				ENABLE_STRICT_OBJC_MSGSEND = YES;
				ENABLE_TESTABILITY = YES;
				GCC_C_LANGUAGE_STANDARD = gnu11;
				GCC_DYNAMIC_NO_PIC = NO;
				GCC_NO_COMMON_BLOCKS = YES;
				GCC_OPTIMIZATION_LEVEL = 0;
				GCC_PREPROCESSOR_DEFINITIONS = (
					"DEBUG=1",
					"$(inherited)",
				);
				GCC_WARN_64_TO_32_BIT_CONVERSION = YES;
				GCC_WARN_ABOUT_RETURN_TYPE = YES_ERROR;
				GCC_WARN_UNDECLARED_SELECTOR = YES;
				GCC_WARN_UNINITIALIZED_AUTOS = YES_AGGRESSIVE;
				GCC_WARN_UNUSED_FUNCTION = YES;
				GCC_WARN_UNUSED_VARIABLE = YES;
				IPHONEOS_DEPLOYMENT_TARGET = 14.4;
				MTL_ENABLE_DEBUG_INFO = INCLUDE_SOURCE;
				MTL_FAST_MATH = YES;
				ONLY_ACTIVE_ARCH = YES;
				SDKROOT = iphoneos;
				SWIFT_ACTIVE_COMPILATION_CONDITIONS = DEBUG;
				SWIFT_OPTIMIZATION_LEVEL = "-Onone";
			};
			name = Debug;
		};
		1BB121B87F551F741ACB0AFF /* Release */ = {
			isa = XCBuildConfiguration;
			baseConfigurationReference = BF8D5336A17A12548104D269 /* Pods-LocalScoreboard.release.xcconfig */;
			buildSettings = {
				ASSETCATALOG_COMPILER_APPICON_NAME = AppIcon;
				DEVELOPMENT_ASSET_PATHS = "";
				DEVELOPMENT_TEAM = A3P9PF353G;
				ENABLE_PREVIEWS = YES;
				INFOPLIST_FILE = LocalScoreboard/Info.plist;
				LD_RUNPATH_SEARCH_PATHS = "$(inherited) @executable_path/Frameworks";
				PRODUCT_BUNDLE_IDENTIFIER = worksonmymachine.LocalScoreboard;
				PRODUCT_NAME = "$(TARGET_NAME)";
				SWIFT_VERSION = 5.0;
				TARGETED_DEVICE_FAMILY = 1;
			};
			name = Release;
		};
		1BB122AC03DC5A802AB094BC /* Debug */ = {
			isa = XCBuildConfiguration;
			baseConfigurationReference = AFC5FE019A2E8032E5A1B81B /* Pods-LocalScoreboard.debug.xcconfig */;
			buildSettings = {
				ASSETCATALOG_COMPILER_APPICON_NAME = AppIcon;
				DEVELOPMENT_ASSET_PATHS = "";
				DEVELOPMENT_TEAM = A3P9PF353G;
				ENABLE_PREVIEWS = YES;
				INFOPLIST_FILE = LocalScoreboard/Info.plist;
				LD_RUNPATH_SEARCH_PATHS = "$(inherited) @executable_path/Frameworks";
				PRODUCT_BUNDLE_IDENTIFIER = worksonmymachine.LocalScoreboard;
				PRODUCT_NAME = "$(TARGET_NAME)";
				SWIFT_VERSION = 5.0;
				TARGETED_DEVICE_FAMILY = 1;
			};
			name = Debug;
		};
		1BB125E56593CE77E64D168D /* Release */ = {
			isa = XCBuildConfiguration;
			buildSettings = {
				INFOPLIST_FILE = LocalScoreboardUITests/Info.plist;
				LD_RUNPATH_SEARCH_PATHS = "$(inherited) @executable_path/Frameworks @loader_path/Frameworks";
				PRODUCT_BUNDLE_IDENTIFIER = worksonmymachine.LocalScoreboardUITests;
				PRODUCT_NAME = "$(TARGET_NAME)";
				SWIFT_VERSION = 5.0;
				TARGETED_DEVICE_FAMILY = "1,2";
				TEST_TARGET_NAME = LocalScoreboard;
			};
			name = Release;
		};
		1BB12A39289188A96F411D0F /* Release */ = {
			isa = XCBuildConfiguration;
			buildSettings = {
				ALWAYS_SEARCH_USER_PATHS = NO;
				CLANG_ANALYZER_LOCALIZABILITY_NONLOCALIZED = YES;
				CLANG_ANALYZER_NONNULL = YES;
				CLANG_ANALYZER_NUMBER_OBJECT_CONVERSION = YES_AGGRESSIVE;
				CLANG_CXX_LANGUAGE_STANDARD = "gnu++14";
				CLANG_CXX_LIBRARY = "libc++";
				CLANG_ENABLE_MODULES = YES;
				CLANG_ENABLE_OBJC_ARC = YES;
				CLANG_ENABLE_OBJC_WEAK = YES;
				CLANG_WARN_BLOCK_CAPTURE_AUTORELEASING = YES;
				CLANG_WARN_BOOL_CONVERSION = YES;
				CLANG_WARN_COMMA = YES;
				CLANG_WARN_CONSTANT_CONVERSION = YES;
				CLANG_WARN_DEPRECATED_OBJC_IMPLEMENTATIONS = YES;
				CLANG_WARN_DIRECT_OBJC_ISA_USAGE = YES_ERROR;
				CLANG_WARN_DOCUMENTATION_COMMENTS = YES;
				CLANG_WARN_EMPTY_BODY = YES;
				CLANG_WARN_ENUM_CONVERSION = YES;
				CLANG_WARN_INFINITE_RECURSION = YES;
				CLANG_WARN_INT_CONVERSION = YES;
				CLANG_WARN_NON_LITERAL_NULL_CONVERSION = YES;
				CLANG_WARN_OBJC_IMPLICIT_RETAIN_SELF = YES;
				CLANG_WARN_OBJC_LITERAL_CONVERSION = YES;
				CLANG_WARN_OBJC_ROOT_CLASS = YES_ERROR;
				CLANG_WARN_QUOTED_INCLUDE_IN_FRAMEWORK_HEADER = YES;
				CLANG_WARN_RANGE_LOOP_ANALYSIS = YES;
				CLANG_WARN_STRICT_PROTOTYPES = YES;
				CLANG_WARN_SUSPICIOUS_MOVE = YES;
				CLANG_WARN_UNGUARDED_AVAILABILITY = YES_AGGRESSIVE;
				CLANG_WARN_UNREACHABLE_CODE = YES;
				CLANG_WARN__DUPLICATE_METHOD_MATCH = YES;
				COPY_PHASE_STRIP = NO;
				DEBUG_INFORMATION_FORMAT = "dwarf-with-dsym";
				ENABLE_NS_ASSERTIONS = NO;
				ENABLE_STRICT_OBJC_MSGSEND = YES;
				GCC_C_LANGUAGE_STANDARD = gnu11;
				GCC_NO_COMMON_BLOCKS = YES;
				GCC_WARN_64_TO_32_BIT_CONVERSION = YES;
				GCC_WARN_ABOUT_RETURN_TYPE = YES_ERROR;
				GCC_WARN_UNDECLARED_SELECTOR = YES;
				GCC_WARN_UNINITIALIZED_AUTOS = YES_AGGRESSIVE;
				GCC_WARN_UNUSED_FUNCTION = YES;
				GCC_WARN_UNUSED_VARIABLE = YES;
				IPHONEOS_DEPLOYMENT_TARGET = 14.4;
				MTL_ENABLE_DEBUG_INFO = NO;
				MTL_FAST_MATH = YES;
				SDKROOT = iphoneos;
				SWIFT_OPTIMIZATION_LEVEL = "-Owholemodule";
				VALIDATE_PRODUCT = YES;
			};
			name = Release;
		};
		1BB12DE9A921F580789E950D /* Release */ = {
			isa = XCBuildConfiguration;
			baseConfigurationReference = 17AC5EDEC769CBD52A014A7B /* Pods-LocalScoreboardTests.release.xcconfig */;
			buildSettings = {
				BUNDLE_LOADER = "$(BUILT_PRODUCTS_DIR)/LocalScoreboard.app/LocalScoreboard";
				INFOPLIST_FILE = LocalScoreboardTests/Info.plist;
				LD_RUNPATH_SEARCH_PATHS = "$(inherited) @executable_path/Frameworks @loader_path/Frameworks";
				PRODUCT_BUNDLE_IDENTIFIER = worksonmymachine.LocalScoreboardTests;
				PRODUCT_NAME = "$(TARGET_NAME)";
				SWIFT_VERSION = 5.0;
				TARGETED_DEVICE_FAMILY = "1,2";
				TEST_HOST = "$(BUNDLE_LOADER)";
			};
			name = Release;
		};
		1BB12EBE4EB8A71347E7581D /* Debug */ = {
			isa = XCBuildConfiguration;
			buildSettings = {
				INFOPLIST_FILE = LocalScoreboardUITests/Info.plist;
				LD_RUNPATH_SEARCH_PATHS = "$(inherited) @executable_path/Frameworks @loader_path/Frameworks";
				PRODUCT_BUNDLE_IDENTIFIER = worksonmymachine.LocalScoreboardUITests;
				PRODUCT_NAME = "$(TARGET_NAME)";
				SWIFT_VERSION = 5.0;
				TARGETED_DEVICE_FAMILY = "1,2";
				TEST_TARGET_NAME = LocalScoreboard;
			};
			name = Debug;
		};
/* End XCBuildConfiguration section */

/* Begin XCConfigurationList section */
		1BB122BF0B7F0C15726B9842 /* Build configuration list for PBXNativeTarget "LocalScoreboardUITests" */ = {
			isa = XCConfigurationList;
			buildConfigurations = (
				1BB12EBE4EB8A71347E7581D /* Debug */,
				1BB125E56593CE77E64D168D /* Release */,
			);
			defaultConfigurationIsVisible = 0;
			defaultConfigurationName = Release;
		};
		1BB124FF4A136E3C841AB259 /* Build configuration list for PBXProject "LocalScoreboard" */ = {
			isa = XCConfigurationList;
			buildConfigurations = (
				1BB120CB578C762200DD9AE2 /* Debug */,
				1BB12A39289188A96F411D0F /* Release */,
			);
			defaultConfigurationIsVisible = 0;
			defaultConfigurationName = Release;
		};
		1BB12AD8D2CC090A0F237BAA /* Build configuration list for PBXNativeTarget "LocalScoreboard" */ = {
			isa = XCConfigurationList;
			buildConfigurations = (
				1BB122AC03DC5A802AB094BC /* Debug */,
				1BB121B87F551F741ACB0AFF /* Release */,
			);
			defaultConfigurationIsVisible = 0;
			defaultConfigurationName = Release;
		};
		1BB12C3954E6495786FD045E /* Build configuration list for PBXNativeTarget "LocalScoreboardTests" */ = {
			isa = XCConfigurationList;
			buildConfigurations = (
				1BB1202F6F6865F59F94A616 /* Debug */,
				1BB12DE9A921F580789E950D /* Release */,
			);
			defaultConfigurationIsVisible = 0;
			defaultConfigurationName = Release;
		};
/* End XCConfigurationList section */
	};
	rootObject = 1BB128E4F790DB425EF177BB /* Project object */;
}
